
Microsoft Visual Studio Solution File, Format Version 12.00
# Visual Studio 14
VisualStudioVersion = 14.0.22013.1
MinimumVisualStudioVersion = 10.0.40219.1
Project("{FAE04EC0-301F-11D3-BF4B-00C04F79EFBC}") = "ThisToThat", "ThisToThat\ThisToThat.csproj", "{6AC7B3CE-FF7D-4D23-B67D-6F6B72D61DC7}"
EndProject
Project("{FAE04EC0-301F-11D3-BF4B-00C04F79EFBC}") = "ThisToThatTests", "ThisToThatTests\ThisToThatTests.csproj", "{C8C3A7B8-4BB3-4971-9862-8A0F52CF0792}"
EndProject
Global
	GlobalSection(SolutionConfigurationPlatforms) = preSolution
		Debug|Any CPU = Debug|Any CPU
		Release|Any CPU = Release|Any CPU
	EndGlobalSection
	GlobalSection(ProjectConfigurationPlatforms) = postSolution
		{6AC7B3CE-FF7D-4D23-B67D-6F6B72D61DC7}.Debug|Any CPU.ActiveCfg = Debug|Any CPU
		{6AC7B3CE-FF7D-4D23-B67D-6F6B72D61DC7}.Debug|Any CPU.Build.0 = Debug|Any CPU
		{6AC7B3CE-FF7D-4D23-B67D-6F6B72D61DC7}.Release|Any CPU.ActiveCfg = Release|Any CPU
		{6AC7B3CE-FF7D-4D23-B67D-6F6B72D61DC7}.Release|Any CPU.Build.0 = Release|Any CPU
		{C8C3A7B8-4BB3-4971-9862-8A0F52CF0792}.Debug|Any CPU.ActiveCfg = Debug|Any CPU
		{C8C3A7B8-4BB3-4971-9862-8A0F52CF0792}.Debug|Any CPU.Build.0 = Debug|Any CPU
		{C8C3A7B8-4BB3-4971-9862-8A0F52CF0792}.Release|Any CPU.ActiveCfg = Release|Any CPU
		{C8C3A7B8-4BB3-4971-9862-8A0F52CF0792}.Release|Any CPU.Build.0 = Release|Any CPU
	EndGlobalSection
	GlobalSection(SolutionProperties) = preSolution
		HideSolutionNode = FALSE
	EndGlobalSection
EndGlobal
